
Microsoft Visual Studio Solution File, Format Version 12.00
# Visual Studio Version 17
VisualStudioVersion = 17.2.32630.192
MinimumVisualStudioVersion = 10.0.40219.1
Project("{FAE04EC0-301F-11D3-BF4B-00C04F79EFBC}") = "lu_search", "lu_search\lu_search.csproj", "{2D60B1C3-B120-4C8F-AB83-92BED6304E10}"
EndProject
Global
	GlobalSection(SolutionConfigurationPlatforms) = preSolution
		Debug|Any CPU = Debug|Any CPU
		Release|Any CPU = Release|Any CPU
	EndGlobalSection
	GlobalSection(ProjectConfigurationPlatforms) = postSolution
		{2D60B1C3-B120-4C8F-AB83-92BED6304E10}.Debug|Any CPU.ActiveCfg = Debug|Any CPU
		{2D60B1C3-B120-4C8F-AB83-92BED6304E10}.Debug|Any CPU.Build.0 = Debug|Any CPU
		{2D60B1C3-B120-4C8F-AB83-92BED6304E10}.Release|Any CPU.ActiveCfg = Release|Any CPU
		{2D60B1C3-B120-4C8F-AB83-92BED6304E10}.Release|Any CPU.Build.0 = Release|Any CPU
	EndGlobalSection
	GlobalSection(SolutionProperties) = preSolution
		HideSolutionNode = FALSE
	EndGlobalSection
	GlobalSection(ExtensibilityGlobals) = postSolution
		SolutionGuid = {880213FE-3565-4F9A-BC74-A53499BFFEF3}
	EndGlobalSection
EndGlobal
